{
  "name": "backup-rotation",
  "version": "1.0.36",
  "lockfileVersion": 1,
  "requires": true,
  "dependencies": {
    "bashlink": {
      "version": "1.0.117",
      "resolved": "https://registry.npmjs.org/bashlink/-/bashlink-1.0.117.tgz",
      "integrity": "sha512-y/CmVgNap8jpCsuLDckl6boPbSzIbwmei5NZYzmdi8jasFYyJ//wWQi50DLQvNfbWWHXg8I08lA0emLPLvOg/A=="
    },
    "boostnode": {
      "version": "1.0.12",
      "resolved": "https://registry.npmjs.org/boostnode/-/boostnode-1.0.12.tgz",
      "integrity": "sha512-IehFrEFZH0u02Y5e+98HHUQJWHMU45Z/Ro8F6jM7e3uN7qrELv5B0Z4eOdsU9aVJX097sAg9eK8i44M2I/eCaQ==",
      "dev": true
    },
    "bootstrap": {
      "version": "3.3.7",
      "resolved": "https://registry.npmjs.org/bootstrap/-/bootstrap-3.3.7.tgz",
      "integrity": "sha1-WjiTlFSfIzMIdaOxUGVldPip63E=",
      "dev": true
    },
    "clientnode": {
      "version": "3.0.83",
      "resolved": "https://registry.npmjs.org/clientnode/-/clientnode-3.0.83.tgz",
      "integrity": "sha512-pjLuXGhaBB0vC9EbVd/GsX2ABQB1oVRmKjo/cH7+JKe84bV+ELWnJ3XdNikGq+cKaDxQlZjNBhIFZbuJeGY1Pw==",
      "dev": true
    },
    "documentation-website": {
      "version": "1.0.136",
      "resolved": "https://registry.npmjs.org/documentation-website/-/documentation-website-1.0.136.tgz",
      "integrity": "sha512-dt4QhY6a2fvJpmmgAhL0W0VmNUPmbht2ZAFjw6zbvLTH3T194dixSiBC1NKsbj5scIgSCvBdDGQWShNznLTpfA==",
      "dev": true,
      "requires": {
        "boostnode": "^1.0.12",
        "bootstrap": "^3.3.7",
        "website-utilities": "^1.0.120"
      }
    },
    "internationalisation": {
      "version": "1.0.98",
      "resolved": "https://registry.npmjs.org/internationalisation/-/internationalisation-1.0.98.tgz",
      "integrity": "sha512-j4WOcRwOad9B0In+U73HZ4HnZTQgseR8SPASwWt1EFs/2FefreTvUpGR8Gsk1Qlk6vVydgyozEK6DgaQa/nI0w==",
      "dev": true
    },
    "jquery": {
      "version": "3.3.1",
      "resolved": "https://registry.npmjs.org/jquery/-/jquery-3.3.1.tgz",
      "integrity": "sha512-Ubldcmxp5np52/ENotGxlLe6aGMvmF4R8S6tZjsP6Knsaxd/xp3Zrh50cG93lR6nPXyUFwzN3ZSOQI0wRJNdGg==",
      "dev": true
    },
    "jquery.scrollto": {
      "version": "2.1.2",
      "resolved": "https://registry.npmjs.org/jquery.scrollto/-/jquery.scrollto-2.1.2.tgz",
      "integrity": "sha1-51gNnHrEbvW7JTGUg/b0VxP9fGw=",
      "dev": true,
      "requires": {
        "jquery": ">=1.8"
      }
    },
    "shellcheck": {
      "version": "0.0.8",
      "resolved": "https://registry.npmjs.org/shellcheck/-/shellcheck-0.0.8.tgz",
      "integrity": "sha512-mzXAEqn+J2rk8F0BHbjD1e4mc7VvQPztIHLlhyTT7QL4HoMOxae8T60aYP0Iv6DQFsR1FUBQvxhPmY5VBx+jpw==",
      "dev": true
    },
    "spin.js": {
      "version": "4.0.0",
      "resolved": "https://registry.npmjs.org/spin.js/-/spin.js-4.0.0.tgz",
      "integrity": "sha512-uJN9Q4/I4I7PRZAp1c5reoY89thAfvFB5thbJncAwkPjPhqCfUrCooJc8GMN8q8WKFGIMy+JMf477RW7deCInA==",
      "dev": true
    },
    "website-utilities": {
      "version": "1.0.120",
      "resolved": "https://registry.npmjs.org/website-utilities/-/website-utilities-1.0.120.tgz",
      "integrity": "sha512-6u8uiF1nWd+e78+N34e/rLuTrXh7IX/eSXOiGMroXuMFZxQtMQ//Fo8LeoZrRxYjqzrQjEnemjoBEndtxFXPIw==",
      "dev": true,
      "requires": {
        "clientnode": "^3.0.83",
        "internationalisation": "^1.0.98",
        "jquery": "^3.3.1",
        "jquery.scrollto": "^2.1.2",
        "spin.js": "^4.0.0"
      }
    }
  }
}
