{
  "name": "backup-rotation",
  "version": "1.0.36",
  "lockfileVersion": 1,
  "requires": true,
  "dependencies": {
    "bashlink": {
      "version": "1.0.116",
      "resolved": "https://registry.npmjs.org/bashlink/-/bashlink-1.0.116.tgz",
      "integrity": "sha512-KbrBL+8rYu1cWHUR8LwEldrQ1k5NJ/YuUb+ZBd6dQ6R8E5Hq92xFSd9Ij6octa8y9SKdRK4a1fv27MtKgn+PWg=="
    },
    "boostnode": {
      "version": "1.0.12",
      "resolved": "https://registry.npmjs.org/boostnode/-/boostnode-1.0.12.tgz",
      "integrity": "sha512-IehFrEFZH0u02Y5e+98HHUQJWHMU45Z/Ro8F6jM7e3uN7qrELv5B0Z4eOdsU9aVJX097sAg9eK8i44M2I/eCaQ==",
      "dev": true
    },
    "bootstrap": {
      "version": "3.3.7",
      "resolved": "https://registry.npmjs.org/bootstrap/-/bootstrap-3.3.7.tgz",
      "integrity": "sha1-WjiTlFSfIzMIdaOxUGVldPip63E=",
      "dev": true
    },
    "clientnode": {
      "version": "3.0.81",
      "resolved": "https://registry.npmjs.org/clientnode/-/clientnode-3.0.81.tgz",
      "integrity": "sha512-lci+4dUt9QOLQCaibX0q1o9Rmmiamz3gO25OuKzHEymW72BADqF6uo1gf3gE3DI0kjzp+4JsP/jnsMiEOjwiUg==",
      "dev": true
    },
    "documentation-website": {
      "version": "1.0.135",
      "resolved": "https://registry.npmjs.org/documentation-website/-/documentation-website-1.0.135.tgz",
      "integrity": "sha512-PPDC+nLBX8O7JRcx7Ofz9j4yqTw8UjUaDR3DJTLW4bGJPRegNuE6DapoIO0sMtnpGiIClrRzCbA3c4d5HdpDJw==",
      "dev": true,
      "requires": {
        "boostnode": "^1.0.12",
        "bootstrap": "^3.3.7",
        "website-utilities": "^1.0.118"
      }
    },
    "internationalisation": {
      "version": "1.0.96",
      "resolved": "https://registry.npmjs.org/internationalisation/-/internationalisation-1.0.96.tgz",
      "integrity": "sha512-ojbrylXcQ/zeI4y+4EVY73Tz2zuWatJj8ij2LV2Es8O/PeM1Ts/L6ueERXKuU36aJOA1gcb9G5yAv+zMg61BzQ==",
      "dev": true
    },
    "jquery": {
      "version": "3.3.1",
      "resolved": "https://registry.npmjs.org/jquery/-/jquery-3.3.1.tgz",
      "integrity": "sha512-Ubldcmxp5np52/ENotGxlLe6aGMvmF4R8S6tZjsP6Knsaxd/xp3Zrh50cG93lR6nPXyUFwzN3ZSOQI0wRJNdGg==",
      "dev": true
    },
    "jquery.scrollto": {
      "version": "2.1.2",
      "resolved": "https://registry.npmjs.org/jquery.scrollto/-/jquery.scrollto-2.1.2.tgz",
      "integrity": "sha1-51gNnHrEbvW7JTGUg/b0VxP9fGw=",
      "dev": true,
      "requires": {
        "jquery": ">=1.8"
      }
    },
    "shellcheck": {
      "version": "0.0.8",
      "resolved": "https://registry.npmjs.org/shellcheck/-/shellcheck-0.0.8.tgz",
      "integrity": "sha512-mzXAEqn+J2rk8F0BHbjD1e4mc7VvQPztIHLlhyTT7QL4HoMOxae8T60aYP0Iv6DQFsR1FUBQvxhPmY5VBx+jpw==",
      "dev": true
    },
    "spin.js": {
      "version": "4.0.0",
      "resolved": "https://registry.npmjs.org/spin.js/-/spin.js-4.0.0.tgz",
      "integrity": "sha512-uJN9Q4/I4I7PRZAp1c5reoY89thAfvFB5thbJncAwkPjPhqCfUrCooJc8GMN8q8WKFGIMy+JMf477RW7deCInA==",
      "dev": true
    },
    "website-utilities": {
      "version": "1.0.119",
      "resolved": "https://registry.npmjs.org/website-utilities/-/website-utilities-1.0.119.tgz",
      "integrity": "sha512-W4JzID1PDYnIUs777J74u4TgpU3PA05ZukW8sSPFsoScyfSByEFhuVHGbOggzh8O1jsBnaSHkmJEqmStS8tGLQ==",
      "dev": true,
      "requires": {
        "clientnode": "^3.0.80",
        "internationalisation": "^1.0.95",
        "jquery": "^3.3.1",
        "jquery.scrollto": "^2.1.2",
        "spin.js": "^4.0.0"
      }
    }
  }
}
