{
  "name": "backup-rotation",
  "version": "1.0.3",
  "lockfileVersion": 1,
  "requires": true,
  "dependencies": {
    "boostnode": {
      "version": "1.0.7",
      "resolved": "https://registry.npmjs.org/boostnode/-/boostnode-1.0.7.tgz",
      "integrity": "sha512-xVvvVnaxlwHUCtbGWlvROPP0hcbpLNWTiBozSqx3WGVJtIO7qOq0H78L6ByhfwqOz0I0J/jnt9zRK9kh0Im/IA==",
      "dev": true
    },
    "bootstrap": {
      "version": "3.3.7",
      "resolved": "https://registry.npmjs.org/bootstrap/-/bootstrap-3.3.7.tgz",
      "integrity": "sha1-WjiTlFSfIzMIdaOxUGVldPip63E=",
      "dev": true
    },
    "clientnode": {
      "version": "1.0.315",
      "resolved": "https://registry.npmjs.org/clientnode/-/clientnode-1.0.315.tgz",
      "integrity": "sha512-9pCZ5tT3XLJ5MSqQGlQUCNjf29VApJ//form0K2arSbaJS6rPuUtp5Nrrc19nJ75RNUXXCPGjiJVhkCbLzyhmg==",
      "dev": true
    },
    "documentation-website": {
      "version": "1.0.84",
      "resolved": "https://registry.npmjs.org/documentation-website/-/documentation-website-1.0.84.tgz",
      "integrity": "sha512-hbxWZtRuLWrwqvc43FTEB/N4iQWuoxpfPSyF3KhO1XZdqSvXSEtznTyDUt7E9wijToIKwb3WIA8sBlOh2VPcXg==",
      "dev": true,
      "requires": {
        "boostnode": "1.0.7",
        "website-utilities": "1.0.61"
      }
    },
    "internationalisation": {
      "version": "1.0.44",
      "resolved": "https://registry.npmjs.org/internationalisation/-/internationalisation-1.0.44.tgz",
      "integrity": "sha512-wNEcwoEbNfsXUxrWsU8ns6xadtyfQChr8q79eG6rTbeVFK/51Oj1czxE4jFVQZHXAXI6aO6/BcHll0FSfKUkdw==",
      "dev": true
    },
    "jquery": {
      "version": "3.2.1",
      "resolved": "https://registry.npmjs.org/jquery/-/jquery-3.2.1.tgz",
      "integrity": "sha1-XE2d5lKvbNCncBVKYxu6ErAVx4c=",
      "dev": true
    },
    "jquery.scrollto": {
      "version": "2.1.2",
      "resolved": "https://registry.npmjs.org/jquery.scrollto/-/jquery.scrollto-2.1.2.tgz",
      "integrity": "sha1-51gNnHrEbvW7JTGUg/b0VxP9fGw=",
      "dev": true,
      "requires": {
        "jquery": "3.2.1"
      }
    },
    "spin.js": {
      "version": "2.3.2",
      "resolved": "https://registry.npmjs.org/spin.js/-/spin.js-2.3.2.tgz",
      "integrity": "sha1-bKpW1SBnNFD9XPvGlx5tB3LDeho=",
      "dev": true
    },
    "website-utilities": {
      "version": "1.0.61",
      "resolved": "https://registry.npmjs.org/website-utilities/-/website-utilities-1.0.61.tgz",
      "integrity": "sha512-AC3urrYG0SFXX0vfL8pW8sDtkRJcrhpIYes722h2qnUtcZ/ZDo5dv2eIIkGktm66hQXl2s7SM/XuJFJ5DgFEbQ==",
      "dev": true,
      "requires": {
        "bootstrap": "3.3.7",
        "clientnode": "1.0.315",
        "internationalisation": "1.0.44",
        "jquery": "3.2.1",
        "jquery.scrollto": "2.1.2",
        "spin.js": "2.3.2"
      }
    }
  }
}
